
Microsoft Visual Studio Solution File, Format Version 12.00
# Visual Studio Version 17
VisualStudioVersion = 17.14.36109.1
MinimumVisualStudioVersion = 10.0.40219.1
Project("{FAE04EC0-301F-11D3-BF4B-00C04F79EFBC}") = "Movies.API", "Övning_7_MovieAPI\Movies.API.csproj", "{9793C9DD-C4AB-4C54-9B8A-6950527DFE0A}"
EndProject
Project("{2150E333-8FDC-42A3-9474-1A3956D46DE8}") = "src", "src", "{02EA681E-C7D8-13C7-8484-4AC65E1B71E8}"
EndProject
Project("{FAE04EC0-301F-11D3-BF4B-00C04F79EFBC}") = "Domain.Models", "Domain.Models\Domain.Models.csproj", "{7485DB20-114E-4A1B-A87E-7BF16E4C0958}"
EndProject
Project("{FAE04EC0-301F-11D3-BF4B-00C04F79EFBC}") = "Movies.Shared", "Movies.Shared\Movies.Shared.csproj", "{5C1BB59E-A473-4050-8CCB-2C25507378E2}"
EndProject
Project("{FAE04EC0-301F-11D3-BF4B-00C04F79EFBC}") = "Movies.Infrastructure", "Movies.Infrastructure\Movies.Infrastructure.csproj", "{5615423C-FA5D-4C8B-8B8B-914782CEDEE6}"
EndProject
Project("{FAE04EC0-301F-11D3-BF4B-00C04F79EFBC}") = "Domain.Contracts", "Domain.Contracts\Domain.Contracts.csproj", "{7415A06A-1A9F-4BB2-9833-BE86472D1D36}"
EndProject
Project("{FAE04EC0-301F-11D3-BF4B-00C04F79EFBC}") = "Movies.Services", "Movies.Services\Movies.Services.csproj", "{11D314E5-2138-463F-A551-81FD713601E7}"
EndProject
Project("{FAE04EC0-301F-11D3-BF4B-00C04F79EFBC}") = "Service.Contracts", "Service.Contracts\Service.Contracts.csproj", "{6E8590E7-945E-4BAC-B4AD-1F996A051493}"
EndProject
Project("{FAE04EC0-301F-11D3-BF4B-00C04F79EFBC}") = "Movies.Presentation", "Movies.Presentation\Movies.Presentation.csproj", "{55884272-F948-42AA-8A51-BD72E71E614A}"
EndProject
Global
	GlobalSection(SolutionConfigurationPlatforms) = preSolution
		Debug|Any CPU = Debug|Any CPU
		Release|Any CPU = Release|Any CPU
	EndGlobalSection
	GlobalSection(ProjectConfigurationPlatforms) = postSolution
		{9793C9DD-C4AB-4C54-9B8A-6950527DFE0A}.Debug|Any CPU.ActiveCfg = Debug|Any CPU
		{9793C9DD-C4AB-4C54-9B8A-6950527DFE0A}.Debug|Any CPU.Build.0 = Debug|Any CPU
		{9793C9DD-C4AB-4C54-9B8A-6950527DFE0A}.Release|Any CPU.ActiveCfg = Release|Any CPU
		{9793C9DD-C4AB-4C54-9B8A-6950527DFE0A}.Release|Any CPU.Build.0 = Release|Any CPU
		{7485DB20-114E-4A1B-A87E-7BF16E4C0958}.Debug|Any CPU.ActiveCfg = Debug|Any CPU
		{7485DB20-114E-4A1B-A87E-7BF16E4C0958}.Debug|Any CPU.Build.0 = Debug|Any CPU
		{7485DB20-114E-4A1B-A87E-7BF16E4C0958}.Release|Any CPU.ActiveCfg = Release|Any CPU
		{7485DB20-114E-4A1B-A87E-7BF16E4C0958}.Release|Any CPU.Build.0 = Release|Any CPU
		{5C1BB59E-A473-4050-8CCB-2C25507378E2}.Debug|Any CPU.ActiveCfg = Debug|Any CPU
		{5C1BB59E-A473-4050-8CCB-2C25507378E2}.Debug|Any CPU.Build.0 = Debug|Any CPU
		{5C1BB59E-A473-4050-8CCB-2C25507378E2}.Release|Any CPU.ActiveCfg = Release|Any CPU
		{5C1BB59E-A473-4050-8CCB-2C25507378E2}.Release|Any CPU.Build.0 = Release|Any CPU
		{5615423C-FA5D-4C8B-8B8B-914782CEDEE6}.Debug|Any CPU.ActiveCfg = Debug|Any CPU
		{5615423C-FA5D-4C8B-8B8B-914782CEDEE6}.Debug|Any CPU.Build.0 = Debug|Any CPU
		{5615423C-FA5D-4C8B-8B8B-914782CEDEE6}.Release|Any CPU.ActiveCfg = Release|Any CPU
		{5615423C-FA5D-4C8B-8B8B-914782CEDEE6}.Release|Any CPU.Build.0 = Release|Any CPU
		{7415A06A-1A9F-4BB2-9833-BE86472D1D36}.Debug|Any CPU.ActiveCfg = Debug|Any CPU
		{7415A06A-1A9F-4BB2-9833-BE86472D1D36}.Debug|Any CPU.Build.0 = Debug|Any CPU
		{7415A06A-1A9F-4BB2-9833-BE86472D1D36}.Release|Any CPU.ActiveCfg = Release|Any CPU
		{7415A06A-1A9F-4BB2-9833-BE86472D1D36}.Release|Any CPU.Build.0 = Release|Any CPU
		{11D314E5-2138-463F-A551-81FD713601E7}.Debug|Any CPU.ActiveCfg = Debug|Any CPU
		{11D314E5-2138-463F-A551-81FD713601E7}.Debug|Any CPU.Build.0 = Debug|Any CPU
		{11D314E5-2138-463F-A551-81FD713601E7}.Release|Any CPU.ActiveCfg = Release|Any CPU
		{11D314E5-2138-463F-A551-81FD713601E7}.Release|Any CPU.Build.0 = Release|Any CPU
		{6E8590E7-945E-4BAC-B4AD-1F996A051493}.Debug|Any CPU.ActiveCfg = Debug|Any CPU
		{6E8590E7-945E-4BAC-B4AD-1F996A051493}.Debug|Any CPU.Build.0 = Debug|Any CPU
		{6E8590E7-945E-4BAC-B4AD-1F996A051493}.Release|Any CPU.ActiveCfg = Release|Any CPU
		{6E8590E7-945E-4BAC-B4AD-1F996A051493}.Release|Any CPU.Build.0 = Release|Any CPU
		{55884272-F948-42AA-8A51-BD72E71E614A}.Debug|Any CPU.ActiveCfg = Debug|Any CPU
		{55884272-F948-42AA-8A51-BD72E71E614A}.Debug|Any CPU.Build.0 = Debug|Any CPU
		{55884272-F948-42AA-8A51-BD72E71E614A}.Release|Any CPU.ActiveCfg = Release|Any CPU
		{55884272-F948-42AA-8A51-BD72E71E614A}.Release|Any CPU.Build.0 = Release|Any CPU
	EndGlobalSection
	GlobalSection(SolutionProperties) = preSolution
		HideSolutionNode = FALSE
	EndGlobalSection
	GlobalSection(NestedProjects) = preSolution
		{9793C9DD-C4AB-4C54-9B8A-6950527DFE0A} = {02EA681E-C7D8-13C7-8484-4AC65E1B71E8}
		{7485DB20-114E-4A1B-A87E-7BF16E4C0958} = {02EA681E-C7D8-13C7-8484-4AC65E1B71E8}
		{5C1BB59E-A473-4050-8CCB-2C25507378E2} = {02EA681E-C7D8-13C7-8484-4AC65E1B71E8}
		{5615423C-FA5D-4C8B-8B8B-914782CEDEE6} = {02EA681E-C7D8-13C7-8484-4AC65E1B71E8}
		{7415A06A-1A9F-4BB2-9833-BE86472D1D36} = {02EA681E-C7D8-13C7-8484-4AC65E1B71E8}
		{11D314E5-2138-463F-A551-81FD713601E7} = {02EA681E-C7D8-13C7-8484-4AC65E1B71E8}
		{6E8590E7-945E-4BAC-B4AD-1F996A051493} = {02EA681E-C7D8-13C7-8484-4AC65E1B71E8}
		{55884272-F948-42AA-8A51-BD72E71E614A} = {02EA681E-C7D8-13C7-8484-4AC65E1B71E8}
	EndGlobalSection
	GlobalSection(ExtensibilityGlobals) = postSolution
		SolutionGuid = {FA9618A5-2C2E-4EDD-94EC-77090CF09A20}
	EndGlobalSection
EndGlobal
